
Microsoft Visual Studio Solution File, Format Version 12.00
# Visual Studio Version 16
VisualStudioVersion = 16.0.30011.22
MinimumVisualStudioVersion = 10.0.40219.1
Project("{2150E333-8FDC-42A3-9474-1A3956D46DE8}") = "SubProject", "SubProject", "{1ED6BE67-BDB1-4786-8A34-F0A713BDD9A3}"
EndProject
Project("{2150E333-8FDC-42A3-9474-1A3956D46DE8}") = "Main", "Main", "{23B344E9-0264-4545-A84C-2C3A757585E9}"
EndProject
Project("{FAE04EC0-301F-11D3-BF4B-00C04F79EFBC}") = "HDBH.Web", "HDBH.Web\HDBH.Web.csproj", "{A153D264-2925-4246-9DE3-27A9B46B1C06}"
EndProject
Project("{FAE04EC0-301F-11D3-BF4B-00C04F79EFBC}") = "HDBH.Core", "HDBH.Core\HDBH.Core.csproj", "{00AEFC83-E812-4CCC-8A28-EAF942BFD177}"
EndProject
Project("{FAE04EC0-301F-11D3-BF4B-00C04F79EFBC}") = "HDBH.Data", "HDBH.Data\HDBH.Data.csproj", "{174B108B-C6CA-4E00-B8DE-24AD927BEF96}"
EndProject
Project("{FAE04EC0-301F-11D3-BF4B-00C04F79EFBC}") = "HDBH.Lib", "HDBH.Lib\HDBH.Lib.csproj", "{C6AC4FCF-E915-4668-858E-3D56698C6605}"
EndProject
Project("{FAE04EC0-301F-11D3-BF4B-00C04F79EFBC}") = "HDBH.Log", "HDBH.Log\HDBH.Log.csproj", "{88C9E206-8D27-43E5-B39B-2F7C831E87CF}"
EndProject
Project("{FAE04EC0-301F-11D3-BF4B-00C04F79EFBC}") = "HDBH.Authorize", "HDBH.Authorize\HDBH.Authorize.csproj", "{4A45BD02-A1A8-4007-937A-588EDD5DC4C0}"
EndProject
Project("{FAE04EC0-301F-11D3-BF4B-00C04F79EFBC}") = "HDBH.Sys", "SubProject\HDBH.Sys\HDBH.Sys.csproj", "{5897770A-3B3B-447A-9B4C-EB3295D7716E}"
EndProject
Project("{FAE04EC0-301F-11D3-BF4B-00C04F79EFBC}") = "HDBH.Language", "HDBH.Language\HDBH.Language.csproj", "{82F77EFA-4B24-45D0-B6D4-D1238361017A}"
EndProject
Project("{FAE04EC0-301F-11D3-BF4B-00C04F79EFBC}") = "HDBH.InsuranceContract", "SubProject\HDBH.InsuranceContract\HDBH.InsuranceContract.csproj", "{49DD8000-FF8C-4EE0-AA48-3D46283FBBE3}"
EndProject
Project("{FAE04EC0-301F-11D3-BF4B-00C04F79EFBC}") = "HDBH.CPProduct", "SubProject\HDBH.AwardManage\HDBH.CPProduct.csproj", "{DB72B2B4-CDD3-4907-A1B1-F7AA25FE8F33}"
EndProject
Project("{FAE04EC0-301F-11D3-BF4B-00C04F79EFBC}") = "HDBH.CounterParty", "SubProject\HDBH.CounterParty\HDBH.CounterParty.csproj", "{46B652C3-2B1C-42C2-9F21-10EB2EC3C128}"
EndProject
Project("{FAE04EC0-301F-11D3-BF4B-00C04F79EFBC}") = "HDBH.SQLData", "HDBH.SQLData\HDBH.SQLData.csproj", "{4F9925D8-6CEB-4F91-ABA7-E9726A094B53}"
EndProject
Project("{FAE04EC0-301F-11D3-BF4B-00C04F79EFBC}") = "HDBH.BusinessRepository", "HDBH.BusinessRepository\HDBH.BusinessRepository.csproj", "{0AF121B3-ED0B-4A79-B2DE-1F265A3B154B}"
EndProject
Project("{FAE04EC0-301F-11D3-BF4B-00C04F79EFBC}") = "HDBH.Services", "HDBH.Services\HDBH.Services.csproj", "{A97B168A-9004-4226-B9E9-0F70739C8F82}"
EndProject
Project("{FAE04EC0-301F-11D3-BF4B-00C04F79EFBC}") = "HDBH.Models", "HDBH.Models\HDBH.Models.csproj", "{5C18AE1A-D9B9-47B1-ABBD-22B9CC68C3DE}"
EndProject
Project("{FAE04EC0-301F-11D3-BF4B-00C04F79EFBC}") = "HDBH.Payment", "SubProject\HDBH.Payment\HDBH.Payment.csproj", "{3A3EA2CD-C90D-46F1-9556-ACE2DB5174C9}"
EndProject
Global
	GlobalSection(SolutionConfigurationPlatforms) = preSolution
		Debug|Any CPU = Debug|Any CPU
		Release|Any CPU = Release|Any CPU
	EndGlobalSection
	GlobalSection(ProjectConfigurationPlatforms) = postSolution
		{A153D264-2925-4246-9DE3-27A9B46B1C06}.Debug|Any CPU.ActiveCfg = Debug|Any CPU
		{A153D264-2925-4246-9DE3-27A9B46B1C06}.Debug|Any CPU.Build.0 = Debug|Any CPU
		{A153D264-2925-4246-9DE3-27A9B46B1C06}.Release|Any CPU.ActiveCfg = Release|Any CPU
		{A153D264-2925-4246-9DE3-27A9B46B1C06}.Release|Any CPU.Build.0 = Release|Any CPU
		{00AEFC83-E812-4CCC-8A28-EAF942BFD177}.Debug|Any CPU.ActiveCfg = Debug|Any CPU
		{00AEFC83-E812-4CCC-8A28-EAF942BFD177}.Debug|Any CPU.Build.0 = Debug|Any CPU
		{00AEFC83-E812-4CCC-8A28-EAF942BFD177}.Release|Any CPU.ActiveCfg = Release|Any CPU
		{00AEFC83-E812-4CCC-8A28-EAF942BFD177}.Release|Any CPU.Build.0 = Release|Any CPU
		{174B108B-C6CA-4E00-B8DE-24AD927BEF96}.Debug|Any CPU.ActiveCfg = Debug|Any CPU
		{174B108B-C6CA-4E00-B8DE-24AD927BEF96}.Debug|Any CPU.Build.0 = Debug|Any CPU
		{174B108B-C6CA-4E00-B8DE-24AD927BEF96}.Release|Any CPU.ActiveCfg = Release|Any CPU
		{174B108B-C6CA-4E00-B8DE-24AD927BEF96}.Release|Any CPU.Build.0 = Release|Any CPU
		{C6AC4FCF-E915-4668-858E-3D56698C6605}.Debug|Any CPU.ActiveCfg = Debug|Any CPU
		{C6AC4FCF-E915-4668-858E-3D56698C6605}.Debug|Any CPU.Build.0 = Debug|Any CPU
		{C6AC4FCF-E915-4668-858E-3D56698C6605}.Release|Any CPU.ActiveCfg = Release|Any CPU
		{C6AC4FCF-E915-4668-858E-3D56698C6605}.Release|Any CPU.Build.0 = Release|Any CPU
		{88C9E206-8D27-43E5-B39B-2F7C831E87CF}.Debug|Any CPU.ActiveCfg = Debug|Any CPU
		{88C9E206-8D27-43E5-B39B-2F7C831E87CF}.Debug|Any CPU.Build.0 = Debug|Any CPU
		{88C9E206-8D27-43E5-B39B-2F7C831E87CF}.Release|Any CPU.ActiveCfg = Release|Any CPU
		{88C9E206-8D27-43E5-B39B-2F7C831E87CF}.Release|Any CPU.Build.0 = Release|Any CPU
		{4A45BD02-A1A8-4007-937A-588EDD5DC4C0}.Debug|Any CPU.ActiveCfg = Debug|Any CPU
		{4A45BD02-A1A8-4007-937A-588EDD5DC4C0}.Debug|Any CPU.Build.0 = Debug|Any CPU
		{4A45BD02-A1A8-4007-937A-588EDD5DC4C0}.Release|Any CPU.ActiveCfg = Release|Any CPU
		{4A45BD02-A1A8-4007-937A-588EDD5DC4C0}.Release|Any CPU.Build.0 = Release|Any CPU
		{5897770A-3B3B-447A-9B4C-EB3295D7716E}.Debug|Any CPU.ActiveCfg = Debug|Any CPU
		{5897770A-3B3B-447A-9B4C-EB3295D7716E}.Debug|Any CPU.Build.0 = Debug|Any CPU
		{5897770A-3B3B-447A-9B4C-EB3295D7716E}.Release|Any CPU.ActiveCfg = Release|Any CPU
		{5897770A-3B3B-447A-9B4C-EB3295D7716E}.Release|Any CPU.Build.0 = Release|Any CPU
		{82F77EFA-4B24-45D0-B6D4-D1238361017A}.Debug|Any CPU.ActiveCfg = Debug|Any CPU
		{82F77EFA-4B24-45D0-B6D4-D1238361017A}.Debug|Any CPU.Build.0 = Debug|Any CPU
		{82F77EFA-4B24-45D0-B6D4-D1238361017A}.Release|Any CPU.ActiveCfg = Release|Any CPU
		{82F77EFA-4B24-45D0-B6D4-D1238361017A}.Release|Any CPU.Build.0 = Release|Any CPU
		{49DD8000-FF8C-4EE0-AA48-3D46283FBBE3}.Debug|Any CPU.ActiveCfg = Debug|Any CPU
		{49DD8000-FF8C-4EE0-AA48-3D46283FBBE3}.Debug|Any CPU.Build.0 = Debug|Any CPU
		{49DD8000-FF8C-4EE0-AA48-3D46283FBBE3}.Release|Any CPU.ActiveCfg = Release|Any CPU
		{49DD8000-FF8C-4EE0-AA48-3D46283FBBE3}.Release|Any CPU.Build.0 = Release|Any CPU
		{DB72B2B4-CDD3-4907-A1B1-F7AA25FE8F33}.Debug|Any CPU.ActiveCfg = Debug|Any CPU
		{DB72B2B4-CDD3-4907-A1B1-F7AA25FE8F33}.Debug|Any CPU.Build.0 = Debug|Any CPU
		{DB72B2B4-CDD3-4907-A1B1-F7AA25FE8F33}.Release|Any CPU.ActiveCfg = Release|Any CPU
		{DB72B2B4-CDD3-4907-A1B1-F7AA25FE8F33}.Release|Any CPU.Build.0 = Release|Any CPU
		{46B652C3-2B1C-42C2-9F21-10EB2EC3C128}.Debug|Any CPU.ActiveCfg = Debug|Any CPU
		{46B652C3-2B1C-42C2-9F21-10EB2EC3C128}.Debug|Any CPU.Build.0 = Debug|Any CPU
		{46B652C3-2B1C-42C2-9F21-10EB2EC3C128}.Release|Any CPU.ActiveCfg = Release|Any CPU
		{46B652C3-2B1C-42C2-9F21-10EB2EC3C128}.Release|Any CPU.Build.0 = Release|Any CPU
		{4F9925D8-6CEB-4F91-ABA7-E9726A094B53}.Debug|Any CPU.ActiveCfg = Debug|Any CPU
		{4F9925D8-6CEB-4F91-ABA7-E9726A094B53}.Debug|Any CPU.Build.0 = Debug|Any CPU
		{4F9925D8-6CEB-4F91-ABA7-E9726A094B53}.Release|Any CPU.ActiveCfg = Release|Any CPU
		{4F9925D8-6CEB-4F91-ABA7-E9726A094B53}.Release|Any CPU.Build.0 = Release|Any CPU
		{0AF121B3-ED0B-4A79-B2DE-1F265A3B154B}.Debug|Any CPU.ActiveCfg = Debug|Any CPU
		{0AF121B3-ED0B-4A79-B2DE-1F265A3B154B}.Debug|Any CPU.Build.0 = Debug|Any CPU
		{0AF121B3-ED0B-4A79-B2DE-1F265A3B154B}.Release|Any CPU.ActiveCfg = Release|Any CPU
		{0AF121B3-ED0B-4A79-B2DE-1F265A3B154B}.Release|Any CPU.Build.0 = Release|Any CPU
		{A97B168A-9004-4226-B9E9-0F70739C8F82}.Debug|Any CPU.ActiveCfg = Debug|Any CPU
		{A97B168A-9004-4226-B9E9-0F70739C8F82}.Debug|Any CPU.Build.0 = Debug|Any CPU
		{A97B168A-9004-4226-B9E9-0F70739C8F82}.Release|Any CPU.ActiveCfg = Release|Any CPU
		{A97B168A-9004-4226-B9E9-0F70739C8F82}.Release|Any CPU.Build.0 = Release|Any CPU
		{5C18AE1A-D9B9-47B1-ABBD-22B9CC68C3DE}.Debug|Any CPU.ActiveCfg = Debug|Any CPU
		{5C18AE1A-D9B9-47B1-ABBD-22B9CC68C3DE}.Debug|Any CPU.Build.0 = Debug|Any CPU
		{5C18AE1A-D9B9-47B1-ABBD-22B9CC68C3DE}.Release|Any CPU.ActiveCfg = Release|Any CPU
		{5C18AE1A-D9B9-47B1-ABBD-22B9CC68C3DE}.Release|Any CPU.Build.0 = Release|Any CPU
		{3A3EA2CD-C90D-46F1-9556-ACE2DB5174C9}.Debug|Any CPU.ActiveCfg = Debug|Any CPU
		{3A3EA2CD-C90D-46F1-9556-ACE2DB5174C9}.Debug|Any CPU.Build.0 = Debug|Any CPU
		{3A3EA2CD-C90D-46F1-9556-ACE2DB5174C9}.Release|Any CPU.ActiveCfg = Release|Any CPU
		{3A3EA2CD-C90D-46F1-9556-ACE2DB5174C9}.Release|Any CPU.Build.0 = Release|Any CPU
	EndGlobalSection
	GlobalSection(SolutionProperties) = preSolution
		HideSolutionNode = FALSE
	EndGlobalSection
	GlobalSection(NestedProjects) = preSolution
		{00AEFC83-E812-4CCC-8A28-EAF942BFD177} = {23B344E9-0264-4545-A84C-2C3A757585E9}
		{174B108B-C6CA-4E00-B8DE-24AD927BEF96} = {23B344E9-0264-4545-A84C-2C3A757585E9}
		{C6AC4FCF-E915-4668-858E-3D56698C6605} = {23B344E9-0264-4545-A84C-2C3A757585E9}
		{88C9E206-8D27-43E5-B39B-2F7C831E87CF} = {23B344E9-0264-4545-A84C-2C3A757585E9}
		{4A45BD02-A1A8-4007-937A-588EDD5DC4C0} = {23B344E9-0264-4545-A84C-2C3A757585E9}
		{5897770A-3B3B-447A-9B4C-EB3295D7716E} = {1ED6BE67-BDB1-4786-8A34-F0A713BDD9A3}
		{82F77EFA-4B24-45D0-B6D4-D1238361017A} = {23B344E9-0264-4545-A84C-2C3A757585E9}
		{49DD8000-FF8C-4EE0-AA48-3D46283FBBE3} = {1ED6BE67-BDB1-4786-8A34-F0A713BDD9A3}
		{DB72B2B4-CDD3-4907-A1B1-F7AA25FE8F33} = {1ED6BE67-BDB1-4786-8A34-F0A713BDD9A3}
		{46B652C3-2B1C-42C2-9F21-10EB2EC3C128} = {1ED6BE67-BDB1-4786-8A34-F0A713BDD9A3}
		{4F9925D8-6CEB-4F91-ABA7-E9726A094B53} = {23B344E9-0264-4545-A84C-2C3A757585E9}
		{0AF121B3-ED0B-4A79-B2DE-1F265A3B154B} = {23B344E9-0264-4545-A84C-2C3A757585E9}
		{A97B168A-9004-4226-B9E9-0F70739C8F82} = {23B344E9-0264-4545-A84C-2C3A757585E9}
		{5C18AE1A-D9B9-47B1-ABBD-22B9CC68C3DE} = {23B344E9-0264-4545-A84C-2C3A757585E9}
		{3A3EA2CD-C90D-46F1-9556-ACE2DB5174C9} = {1ED6BE67-BDB1-4786-8A34-F0A713BDD9A3}
	EndGlobalSection
	GlobalSection(ExtensibilityGlobals) = postSolution
		SolutionGuid = {5F1CB2D9-F885-45AC-AC4D-D32541AF4BE5}
	EndGlobalSection
EndGlobal
